// !$*UTF8*$!
{
	archiveVersion = 1;
	classes = {
	};
	objectVersion = 50;
	objects = {

/* Begin PBXBuildFile section */
		56A389F82531A48800F6C14D /* main.cpp in Sources */ = {isa = PBXBuildFile; fileRef = 56A389F72531A48800F6C14D /* main.cpp */; };
		56A38A012531A63800F6C14D /* Dog.cpp in Sources */ = {isa = PBXBuildFile; fileRef = 56A389FF2531A63800F6C14D /* Dog.cpp */; };
		56A38A042534360700F6C14D /* FileManger.cpp in Sources */ = {isa = PBXBuildFile; fileRef = 56A38A022534360700F6C14D /* FileManger.cpp */; };
		56A38A072536ADB700F6C14D /* TThread.cpp in Sources */ = {isa = PBXBuildFile; fileRef = 56A38A052536ADB700F6C14D /* TThread.cpp */; };
/* End PBXBuildFile section */

/* Begin PBXCopyFilesBuildPhase section */
		56A389F22531A48800F6C14D /* CopyFiles */ = {
			isa = PBXCopyFilesBuildPhase;
			buildActionMask = 2147483647;
			dstPath = /usr/share/man/man1/;
			dstSubfolderSpec = 0;
			files = (
			);
			runOnlyForDeploymentPostprocessing = 1;
		};
/* End PBXCopyFilesBuildPhase section */

/* Begin PBXFileReference section */
		56A389F42531A48800F6C14D /* cppStudyPro */ = {isa = PBXFileReference; explicitFileType = "compiled.mach-o.executable"; includeInIndex = 0; path = cppStudyPro; sourceTree = BUILT_PRODUCTS_DIR; };
		56A389F72531A48800F6C14D /* main.cpp */ = {isa = PBXFileReference; lastKnownFileType = sourcecode.cpp.cpp; path = main.cpp; sourceTree = "<group>"; };
		56A389FF2531A63800F6C14D /* Dog.cpp */ = {isa = PBXFileReference; lastKnownFileType = sourcecode.cpp.cpp; path = Dog.cpp; sourceTree = "<group>"; };
		56A38A002531A63800F6C14D /* Dog.hpp */ = {isa = PBXFileReference; lastKnownFileType = sourcecode.cpp.h; path = Dog.hpp; sourceTree = "<group>"; };
		56A38A022534360700F6C14D /* FileManger.cpp */ = {isa = PBXFileReference; lastKnownFileType = sourcecode.cpp.cpp; path = FileManger.cpp; sourceTree = "<group>"; };
		56A38A032534360700F6C14D /* FileManger.hpp */ = {isa = PBXFileReference; lastKnownFileType = sourcecode.cpp.h; path = FileManger.hpp; sourceTree = "<group>"; };
		56A38A052536ADB700F6C14D /* TThread.cpp */ = {isa = PBXFileReference; lastKnownFileType = sourcecode.cpp.cpp; path = TThread.cpp; sourceTree = "<group>"; };
		56A38A062536ADB700F6C14D /* TThread.hpp */ = {isa = PBXFileReference; lastKnownFileType = sourcecode.cpp.h; path = TThread.hpp; sourceTree = "<group>"; };
/* End PBXFileReference section */

/* Begin PBXFrameworksBuildPhase section */
		56A389F12531A48800F6C14D /* Frameworks */ = {
			isa = PBXFrameworksBuildPhase;
			buildActionMask = 2147483647;
			files = (
			);
			runOnlyForDeploymentPostprocessing = 0;
		};
/* End PBXFrameworksBuildPhase section */

/* Begin PBXGroup section */
		56A389EB2531A48800F6C14D = {
			isa = PBXGroup;
			children = (
				56A389FE2531A52E00F6C14D /* class */,
				56A389F62531A48800F6C14D /* cppStudyPro */,
				56A389F52531A48800F6C14D /* Products */,
			);
			sourceTree = "<group>";
		};
		56A389F52531A48800F6C14D /* Products */ = {
			isa = PBXGroup;
			children = (
				56A389F42531A48800F6C14D /* cppStudyPro */,
			);
			name = Products;
			sourceTree = "<group>";
		};
		56A389F62531A48800F6C14D /* cppStudyPro */ = {
			isa = PBXGroup;
			children = (
				56A389F72531A48800F6C14D /* main.cpp */,
			);
			path = cppStudyPro;
			sourceTree = "<group>";
		};
		56A389FE2531A52E00F6C14D /* class */ = {
			isa = PBXGroup;
			children = (
				56A389FF2531A63800F6C14D /* Dog.cpp */,
				56A38A002531A63800F6C14D /* Dog.hpp */,
				56A38A022534360700F6C14D /* FileManger.cpp */,
				56A38A032534360700F6C14D /* FileManger.hpp */,
				56A38A052536ADB700F6C14D /* TThread.cpp */,
				56A38A062536ADB700F6C14D /* TThread.hpp */,
			);
			path = class;
			sourceTree = "<group>";
		};
/* End PBXGroup section */

/* Begin PBXNativeTarget section */
		56A389F32531A48800F6C14D /* cppStudyPro */ = {
			isa = PBXNativeTarget;
			buildConfigurationList = 56A389FB2531A48800F6C14D /* Build configuration list for PBXNativeTarget "cppStudyPro" */;
			buildPhases = (
				56A389F02531A48800F6C14D /* Sources */,
				56A389F12531A48800F6C14D /* Frameworks */,
				56A389F22531A48800F6C14D /* CopyFiles */,
			);
			buildRules = (
			);
			dependencies = (
			);
			name = cppStudyPro;
			productName = cppStudyPro;
			productReference = 56A389F42531A48800F6C14D /* cppStudyPro */;
			productType = "com.apple.product-type.tool";
		};
/* End PBXNativeTarget section */

/* Begin PBXProject section */
		56A389EC2531A48800F6C14D /* Project object */ = {
			isa = PBXProject;
			attributes = {
				LastUpgradeCheck = 1130;
				ORGANIZATIONNAME = "谭鹏飞";
				TargetAttributes = {
					56A389F32531A48800F6C14D = {
						CreatedOnToolsVersion = 11.3;
					};
				};
			};
			buildConfigurationList = 56A389EF2531A48800F6C14D /* Build configuration list for PBXProject "cppStudyPro" */;
			compatibilityVersion = "Xcode 9.3";
			developmentRegion = en;
			hasScannedForEncodings = 0;
			knownRegions = (
				en,
				Base,
			);
			mainGroup = 56A389EB2531A48800F6C14D;
			productRefGroup = 56A389F52531A48800F6C14D /* Products */;
			projectDirPath = "";
			projectRoot = "";
			targets = (
				56A389F32531A48800F6C14D /* cppStudyPro */,
			);
		};
/* End PBXProject section */

/* Begin PBXSourcesBuildPhase section */
		56A389F02531A48800F6C14D /* Sources */ = {
			isa = PBXSourcesBuildPhase;
			buildActionMask = 2147483647;
			files = (
				56A38A072536ADB700F6C14D /* TThread.cpp in Sources */,
				56A38A012531A63800F6C14D /* Dog.cpp in Sources */,
				56A38A042534360700F6C14D /* FileManger.cpp in Sources */,
				56A389F82531A48800F6C14D /* main.cpp in Sources */,
			);
			runOnlyForDeploymentPostprocessing = 0;
		};
/* End PBXSourcesBuildPhase section */

/* Begin XCBuildConfiguration section */
		56A389F92531A48800F6C14D /* Debug */ = {
			isa = XCBuildConfiguration;
			buildSettings = {
				ALWAYS_SEARCH_USER_PATHS = NO;
				CLANG_ANALYZER_NONNULL = YES;
				CLANG_ANALYZER_NUMBER_OBJECT_CONVERSION = YES_AGGRESSIVE;
				CLANG_CXX_LANGUAGE_STANDARD = "gnu++14";
				CLANG_CXX_LIBRARY = "libc++";
				CLANG_ENABLE_MODULES = YES;
				CLANG_ENABLE_OBJC_ARC = YES;
				CLANG_ENABLE_OBJC_WEAK = YES;
				CLANG_WARN_BLOCK_CAPTURE_AUTORELEASING = YES;
				CLANG_WARN_BOOL_CONVERSION = YES;
				CLANG_WARN_COMMA = YES;
				CLANG_WARN_CONSTANT_CONVERSION = YES;
				CLANG_WARN_DEPRECATED_OBJC_IMPLEMENTATIONS = YES;
				CLANG_WARN_DIRECT_OBJC_ISA_USAGE = YES_ERROR;
				CLANG_WARN_DOCUMENTATION_COMMENTS = YES;
				CLANG_WARN_EMPTY_BODY = YES;
				CLANG_WARN_ENUM_CONVERSION = YES;
				CLANG_WARN_INFINITE_RECURSION = YES;
				CLANG_WARN_INT_CONVERSION = YES;
				CLANG_WARN_NON_LITERAL_NULL_CONVERSION = YES;
				CLANG_WARN_OBJC_IMPLICIT_RETAIN_SELF = YES;
				CLANG_WARN_OBJC_LITERAL_CONVERSION = YES;
				CLANG_WARN_OBJC_ROOT_CLASS = YES_ERROR;
				CLANG_WARN_RANGE_LOOP_ANALYSIS = YES;
				CLANG_WARN_STRICT_PROTOTYPES = YES;
				CLANG_WARN_SUSPICIOUS_MOVE = YES;
				CLANG_WARN_UNGUARDED_AVAILABILITY = YES_AGGRESSIVE;
				CLANG_WARN_UNREACHABLE_CODE = YES;
				CLANG_WARN__DUPLICATE_METHOD_MATCH = YES;
				COPY_PHASE_STRIP = NO;
				DEBUG_INFORMATION_FORMAT = dwarf;
				ENABLE_STRICT_OBJC_MSGSEND = YES;
				ENABLE_TESTABILITY = YES;
				GCC_C_LANGUAGE_STANDARD = gnu11;
				GCC_DYNAMIC_NO_PIC = NO;
				GCC_NO_COMMON_BLOCKS = YES;
				GCC_OPTIMIZATION_LEVEL = 0;
				GCC_PREPROCESSOR_DEFINITIONS = (
					"DEBUG=1",
					"$(inherited)",
				);
				GCC_WARN_64_TO_32_BIT_CONVERSION = YES;
				GCC_WARN_ABOUT_RETURN_TYPE = YES_ERROR;
				GCC_WARN_UNDECLARED_SELECTOR = YES;
				GCC_WARN_UNINITIALIZED_AUTOS = YES_AGGRESSIVE;
				GCC_WARN_UNUSED_FUNCTION = YES;
				GCC_WARN_UNUSED_VARIABLE = YES;
				MACOSX_DEPLOYMENT_TARGET = 10.14;
				MTL_ENABLE_DEBUG_INFO = INCLUDE_SOURCE;
				MTL_FAST_MATH = YES;
				ONLY_ACTIVE_ARCH = YES;
				SDKROOT = macosx;
			};
			name = Debug;
		};
		56A389FA2531A48800F6C14D /* Release */ = {
			isa = XCBuildConfiguration;
			buildSettings = {
				ALWAYS_SEARCH_USER_PATHS = NO;
				CLANG_ANALYZER_NONNULL = YES;
				CLANG_ANALYZER_NUMBER_OBJECT_CONVERSION = YES_AGGRESSIVE;
				CLANG_CXX_LANGUAGE_STANDARD = "gnu++14";
				CLANG_CXX_LIBRARY = "libc++";
				CLANG_ENABLE_MODULES = YES;
				CLANG_ENABLE_OBJC_ARC = YES;
				CLANG_ENABLE_OBJC_WEAK = YES;
				CLANG_WARN_BLOCK_CAPTURE_AUTORELEASING = YES;
				CLANG_WARN_BOOL_CONVERSION = YES;
				CLANG_WARN_COMMA = YES;
				CLANG_WARN_CONSTANT_CONVERSION = YES;
				CLANG_WARN_DEPRECATED_OBJC_IMPLEMENTATIONS = YES;
				CLANG_WARN_DIRECT_OBJC_ISA_USAGE = YES_ERROR;
				CLANG_WARN_DOCUMENTATION_COMMENTS = YES;
				CLANG_WARN_EMPTY_BODY = YES;
				CLANG_WARN_ENUM_CONVERSION = YES;
				CLANG_WARN_INFINITE_RECURSION = YES;
				CLANG_WARN_INT_CONVERSION = YES;
				CLANG_WARN_NON_LITERAL_NULL_CONVERSION = YES;
				CLANG_WARN_OBJC_IMPLICIT_RETAIN_SELF = YES;
				CLANG_WARN_OBJC_LITERAL_CONVERSION = YES;
				CLANG_WARN_OBJC_ROOT_CLASS = YES_ERROR;
				CLANG_WARN_RANGE_LOOP_ANALYSIS = YES;
				CLANG_WARN_STRICT_PROTOTYPES = YES;
				CLANG_WARN_SUSPICIOUS_MOVE = YES;
				CLANG_WARN_UNGUARDED_AVAILABILITY = YES_AGGRESSIVE;
				CLANG_WARN_UNREACHABLE_CODE = YES;
				CLANG_WARN__DUPLICATE_METHOD_MATCH = YES;
				COPY_PHASE_STRIP = NO;
				DEBUG_INFORMATION_FORMAT = "dwarf-with-dsym";
				ENABLE_NS_ASSERTIONS = NO;
				ENABLE_STRICT_OBJC_MSGSEND = YES;
				GCC_C_LANGUAGE_STANDARD = gnu11;
				GCC_NO_COMMON_BLOCKS = YES;
				GCC_WARN_64_TO_32_BIT_CONVERSION = YES;
				GCC_WARN_ABOUT_RETURN_TYPE = YES_ERROR;
				GCC_WARN_UNDECLARED_SELECTOR = YES;
				GCC_WARN_UNINITIALIZED_AUTOS = YES_AGGRESSIVE;
				GCC_WARN_UNUSED_FUNCTION = YES;
				GCC_WARN_UNUSED_VARIABLE = YES;
				MACOSX_DEPLOYMENT_TARGET = 10.14;
				MTL_ENABLE_DEBUG_INFO = NO;
				MTL_FAST_MATH = YES;
				SDKROOT = macosx;
			};
			name = Release;
		};
		56A389FC2531A48800F6C14D /* Debug */ = {
			isa = XCBuildConfiguration;
			buildSettings = {
				CODE_SIGN_STYLE = Automatic;
				DEVELOPMENT_TEAM = BC595D2RLL;
				ENABLE_HARDENED_RUNTIME = YES;
				PRODUCT_NAME = "$(TARGET_NAME)";
			};
			name = Debug;
		};
		56A389FD2531A48800F6C14D /* Release */ = {
			isa = XCBuildConfiguration;
			buildSettings = {
				CODE_SIGN_STYLE = Automatic;
				DEVELOPMENT_TEAM = BC595D2RLL;
				ENABLE_HARDENED_RUNTIME = YES;
				PRODUCT_NAME = "$(TARGET_NAME)";
			};
			name = Release;
		};
/* End XCBuildConfiguration section */

/* Begin XCConfigurationList section */
		56A389EF2531A48800F6C14D /* Build configuration list for PBXProject "cppStudyPro" */ = {
			isa = XCConfigurationList;
			buildConfigurations = (
				56A389F92531A48800F6C14D /* Debug */,
				56A389FA2531A48800F6C14D /* Release */,
			);
			defaultConfigurationIsVisible = 0;
			defaultConfigurationName = Release;
		};
		56A389FB2531A48800F6C14D /* Build configuration list for PBXNativeTarget "cppStudyPro" */ = {
			isa = XCConfigurationList;
			buildConfigurations = (
				56A389FC2531A48800F6C14D /* Debug */,
				56A389FD2531A48800F6C14D /* Release */,
			);
			defaultConfigurationIsVisible = 0;
			defaultConfigurationName = Release;
		};
/* End XCConfigurationList section */
	};
	rootObject = 56A389EC2531A48800F6C14D /* Project object */;
}
